
Microsoft Visual Studio Solution File, Format Version 12.00
# Visual Studio 15
Project("{FAE04EC0-301F-11D3-BF4B-00C04F79EFBC}") = "Assembly-CSharp", "Assembly-CSharp.csproj", "{7EDADCEB-45F9-DA4E-0305-29234E37C33C}"
EndProject
Global
	GlobalSection(SolutionConfigurationPlatforms) = preSolution
		Debug|Any CPU = Debug|Any CPU
		Release|Any CPU = Release|Any CPU
	EndGlobalSection
	GlobalSection(ProjectConfigurationPlatforms) = postSolution
		{7EDADCEB-45F9-DA4E-0305-29234E37C33C}.Debug|Any CPU.ActiveCfg = Debug|Any CPU
		{7EDADCEB-45F9-DA4E-0305-29234E37C33C}.Debug|Any CPU.Build.0 = Debug|Any CPU
		{7EDADCEB-45F9-DA4E-0305-29234E37C33C}.Release|Any CPU.ActiveCfg = Release|Any CPU
		{7EDADCEB-45F9-DA4E-0305-29234E37C33C}.Release|Any CPU.Build.0 = Release|Any CPU
	EndGlobalSection
	GlobalSection(SolutionProperties) = preSolution
		HideSolutionNode = FALSE
	EndGlobalSection
EndGlobal
